
Microsoft Visual Studio Solution File, Format Version 12.00
# Visual Studio Version 17
VisualStudioVersion = 17.5.33530.505
MinimumVisualStudioVersion = 10.0.40219.1
Project("{FAE04EC0-301F-11D3-BF4B-00C04F79EFBC}") = "SuperHeroApi", "SuperHeroApi\SuperHeroApi.csproj", "{D129D5B5-5AAA-43D0-9E74-434672EF1B62}"
EndProject
Global
	GlobalSection(SolutionConfigurationPlatforms) = preSolution
		Debug|Any CPU = Debug|Any CPU
		Release|Any CPU = Release|Any CPU
	EndGlobalSection
	GlobalSection(ProjectConfigurationPlatforms) = postSolution
		{D129D5B5-5AAA-43D0-9E74-434672EF1B62}.Debug|Any CPU.ActiveCfg = Debug|Any CPU
		{D129D5B5-5AAA-43D0-9E74-434672EF1B62}.Debug|Any CPU.Build.0 = Debug|Any CPU
		{D129D5B5-5AAA-43D0-9E74-434672EF1B62}.Release|Any CPU.ActiveCfg = Release|Any CPU
		{D129D5B5-5AAA-43D0-9E74-434672EF1B62}.Release|Any CPU.Build.0 = Release|Any CPU
	EndGlobalSection
	GlobalSection(SolutionProperties) = preSolution
		HideSolutionNode = FALSE
	EndGlobalSection
	GlobalSection(ExtensibilityGlobals) = postSolution
		SolutionGuid = {4EC8DB41-EBDD-40DD-B422-D6CB47EF5035}
	EndGlobalSection
EndGlobal
